{
  "version": "4",
  "remote": {
    "https://esm.sh/@google/genai@0.7.0": "84294ffe6699c5990d4f70f7d8c2f1a972ba503619cd6a2f6b038bc0b7815d29",
    "https://esm.sh/@google/genai@0.7.0/denonext/genai.mjs": "f125eab2a9079d0ef9c2f5183371368aec6033b948053cc795071682e9916467",
    "https://esm.sh/hono@4.7.5": "a023f097be0a3c7f90ebbc9194faf01e2c2b6fe841f397baed11bf1760458b36",
    "https://esm.sh/hono@4.7.5/denonext/dist/compose.mjs": "47f175a693899227a6842aa547e9bffabb9a70f77ac72e641956b1c6de9f01d5",
    "https://esm.sh/hono@4.7.5/denonext/dist/context.mjs": "ff6c278e58f5f112030a6e4281b4f8d6331da00ad81cc8eea08ba0d15e9f25ef",
    "https://esm.sh/hono@4.7.5/denonext/dist/hono.mjs": "55f733db58094fbe31fff6be4ad20806b12cfcbf4597bdf9eb8829d308ba733c",
    "https://esm.sh/hono@4.7.5/denonext/dist/utils/body.mjs": "762a5d91d78ae6c16f4f623bf6ec624323beec84a3bb2e14c6e0b3049fc3e946",
    "https://esm.sh/hono@4.7.5/denonext/dist/utils/constants.mjs": "42331fa1727c964ddb456b9e9f65945419adb0d5f2bdfb7317e949e9e8e99a2f",
    "https://esm.sh/hono@4.7.5/denonext/dist/utils/html.mjs": "e30ed150f0136b45302b59d06b902581929155f847bc60dd0b5e42b48dfad80a",
    "https://esm.sh/hono@4.7.5/denonext/dist/utils/url.mjs": "fd9724629f7c1a9dcfdba26c6c7ceea8f9a7cd305f3b590fcdf866240d9bc934",
    "https://esm.sh/hono@4.7.5/denonext/hono-base.mjs": "5f36dfca26160ca3ec8960ced71833c456dae8d944ee9976e2ddb72722b10e09",
    "https://esm.sh/hono@4.7.5/denonext/hono.mjs": "e94512da6f2a42fb7122d1cad474cbca64ce1433d55c9a325ecc842edbabb0e7",
    "https://esm.sh/hono@4.7.5/denonext/request.mjs": "2bfebe5b49d685ebaa90c6ac80090a8368277fdb1abcca2c616f029af207553f",
    "https://esm.sh/hono@4.7.5/denonext/router.mjs": "94a00c27e29907202f2249d808cf7490e140c5a48a3397c815eb117766b72ad5",
    "https://esm.sh/hono@4.7.5/denonext/router/reg-exp-router.mjs": "23ec447e2a81f668dd34e15cbbd07fe64c67bcae4efa6140af406e4906a9bc9b",
    "https://esm.sh/hono@4.7.5/denonext/router/smart-router.mjs": "df6eeda59175beea4d03c4c263081f317033576e0ad2eaebebf3394bda0ba66a",
    "https://esm.sh/hono@4.7.5/denonext/router/trie-router.mjs": "2fe26bbc33373db6ac8790963522103d11e86fc1fa8219bce6a8da0399b2b408",
    "https://esm.sh/hono@4.7.5/denonext/streaming.mjs": "de8d3a87be7bd990b522f2438e74dfa20dfedd9e8001287313485dd59735cd18",
    "https://esm.sh/hono@4.7.5/streaming": "983125dbb709c90745e2169b42b9021e0867d098ecaead7b74e299e92b71651a",
    "https://esm.sh/openai@4.92.1": "e74894b66af7eb7a0f9cf3e90c9202f6246d710f13584d79bcd1a45b762cf38a",
    "https://esm.sh/openai@4.92.1/denonext/_shims/MultipartBody.mjs": "a8d5c4725527e3d4bdbb5498e94bc676028073d219c18a3467f6f9c6a21fb896",
    "https://esm.sh/openai@4.92.1/denonext/_shims/auto/runtime.mjs": "1e664c448c57c453040508bf9956da2ff771294c65e96301f593dc4ba30227d3",
    "https://esm.sh/openai@4.92.1/denonext/_shims/index.mjs": "13e31bd76e78fe0055fe0564999edb963cf2cbf191a42dc5d72f9fbc02eb5f35",
    "https://esm.sh/openai@4.92.1/denonext/_shims/registry.mjs": "d00dbe71073018f2ba3f6f162ee8e51450930098e83e7e11cfb444f909b0dff9",
    "https://esm.sh/openai@4.92.1/denonext/_shims/web-runtime.mjs": "d729098b95c3746a633518020ed58e50a25c85ffced503a128b0e72b625fddb4",
    "https://esm.sh/openai@4.92.1/denonext/_vendor/partial-json-parser/parser.mjs": "f87c46f782e08dd6e616787b675fc41884e8c15d24580a0af13d72ebfc6b2eb9",
    "https://esm.sh/openai@4.92.1/denonext/core.mjs": "37e9ff48cb108fe6fc1c81295cbce024389e467203fc11c2f10be777b60dbd35",
    "https://esm.sh/openai@4.92.1/denonext/error.mjs": "8fb15d3133682d0eb6dd59e688db4f5aa64b843f923fff29924eed04f4f0072b",
    "https://esm.sh/openai@4.92.1/denonext/internal/decoders/line.mjs": "5f2e459c95c3ed4e33c0081403b423969edd8c74651caa1193de23c7b9d9f3eb",
    "https://esm.sh/openai@4.92.1/denonext/internal/qs/formats.mjs": "58c26301950a52ecd25a47c0ede3a95e439d06d2b7080fd5a719f5a871b50200",
    "https://esm.sh/openai@4.92.1/denonext/internal/qs/index.mjs": "e7ca59e18f2fab2735496948751790f572d5f189c1b982b2783c207a3b4c06d2",
    "https://esm.sh/openai@4.92.1/denonext/internal/qs/stringify.mjs": "4edf130f826bf15f02784ee91806d5834c19bd8835647f91c2e1d12daab67250",
    "https://esm.sh/openai@4.92.1/denonext/internal/qs/utils.mjs": "c274ecc9300152609afdb419c77035441b5b809c4da8f654574d8801c6c09c4d",
    "https://esm.sh/openai@4.92.1/denonext/internal/stream-utils.mjs": "1ae287941d2a38c546b0b93efb8371d25207361106df1454578a562102f92691",
    "https://esm.sh/openai@4.92.1/denonext/lib/AbstractChatCompletionRunner.mjs": "240742d0d428a20b1984ef2c4246ac3798ba3ae9a7debac606f5f025ec55bcc6",
    "https://esm.sh/openai@4.92.1/denonext/lib/AssistantStream.mjs": "f7703bb7e4c379403c7579df9459339d38cce5167490cca1c0d3d0d9305cf9f8",
    "https://esm.sh/openai@4.92.1/denonext/lib/ChatCompletionRunner.mjs": "2cbf48d18aeabde2c0f6be7bcb62bb6ca559faebb639aa53dceff7796e105171",
    "https://esm.sh/openai@4.92.1/denonext/lib/ChatCompletionStream.mjs": "c6747b99a335823994e5d49d5acb413b0c7c51474856f59202b758c863c53931",
    "https://esm.sh/openai@4.92.1/denonext/lib/ChatCompletionStreamingRunner.mjs": "a5b495f4f088cac1a9d9071546ddfb5b62690db54cd4ad3f36996412f803fb11",
    "https://esm.sh/openai@4.92.1/denonext/lib/EventStream.mjs": "750b0509686b27d0b80132fae887be0351fdb72fc0f33179924df6b408f696a7",
    "https://esm.sh/openai@4.92.1/denonext/lib/ResponsesParser.mjs": "07c7ea7e7791ea8f01119667ed78f08c14f95921029b9ccb3e38a63bd4b084b0",
    "https://esm.sh/openai@4.92.1/denonext/lib/RunnableFunction.mjs": "a5ce09e6723d3166521b9a373b5a2574bb0494de5c8f9a912890d895d7497daf",
    "https://esm.sh/openai@4.92.1/denonext/lib/Util.mjs": "5f19eaf4f49e499828fcedc82d7691d15aec097f9ce7495efbcd73aa162ede41",
    "https://esm.sh/openai@4.92.1/denonext/lib/chatCompletionUtils.mjs": "656e5498ecf908a775e47c6925cd10d8260e99792a137ad7abb5655f934217d2",
    "https://esm.sh/openai@4.92.1/denonext/lib/parser.mjs": "1b99312afbc8ea1e54427a831b8f6708106cb868f6a581b1e58a7f0aac5f4b54",
    "https://esm.sh/openai@4.92.1/denonext/lib/responses/ResponseStream.mjs": "55d0f97dd8c8887e9efed85a9605b03ad1fd430de9d47b6784b4de5dd9481da8",
    "https://esm.sh/openai@4.92.1/denonext/openai.mjs": "cf2d205c1040864f6fef4b30e7ca3711ef5e07e0be70aba9bb72ebfc031fa2d6",
    "https://esm.sh/openai@4.92.1/denonext/pagination.mjs": "bf9316da059f9351b9a6240dfe3fe501b978a73692e51436aae2e0ee3a3f0a5e",
    "https://esm.sh/openai@4.92.1/denonext/resource.mjs": "81cf15f5ffbbb57bb989de8353e7ae4ce598a76a1e16117d69a65bdf618c9cbf",
    "https://esm.sh/openai@4.92.1/denonext/resources/audio/audio.mjs": "e494ec28d70ff2dd91a08deb85f11212295946bae72f107805f3495e815a9ebe",
    "https://esm.sh/openai@4.92.1/denonext/resources/audio/speech.mjs": "cc5038a8726d84a11ea9dace3c5cd0aa374ebbf3fddc06d25205cc8f16da8325",
    "https://esm.sh/openai@4.92.1/denonext/resources/audio/transcriptions.mjs": "54650524cd9165379552f4d22d4a02927481da2fc13ebbbf07ef8087c01c40a4",
    "https://esm.sh/openai@4.92.1/denonext/resources/audio/translations.mjs": "c1bd40a66184fc98235a0635908cc5fb866b8e22b7212c8e30c5c80665e47829",
    "https://esm.sh/openai@4.92.1/denonext/resources/batches.mjs": "280082d079194cd1c20193daaa904e7b78e7d361717f999039523d6e98e4a284",
    "https://esm.sh/openai@4.92.1/denonext/resources/beta/assistants.mjs": "1e3d018251c337a12d2c8bb53d2cca746a9c2b7e995a96d0a553b120fc8e7ed2",
    "https://esm.sh/openai@4.92.1/denonext/resources/beta/beta.mjs": "577427bcb83d3fb3cc6f4539dba974de2f648c974e01f06d3ea4cba39e4eccfe",
    "https://esm.sh/openai@4.92.1/denonext/resources/beta/chat/chat.mjs": "8fa9a00361131abd40c3f8c41d22899be476985d10ea630a57a823dab23b902c",
    "https://esm.sh/openai@4.92.1/denonext/resources/beta/chat/completions.mjs": "eb25f9b014a0c8d30e6b2890ad78ac1d5f0851c3824be996759995f2e83132b8",
    "https://esm.sh/openai@4.92.1/denonext/resources/beta/realtime/realtime.mjs": "66bd18dcc629a9e01672677d72734d2aa07ee46762b2b4fa8c51d815c46cd177",
    "https://esm.sh/openai@4.92.1/denonext/resources/beta/realtime/sessions.mjs": "a905f41a8acae428cdfc423b2891d189bc5d64663837b5cbd325bd07b0ee47fa",
    "https://esm.sh/openai@4.92.1/denonext/resources/beta/realtime/transcription-sessions.mjs": "e53b5b63f55be6d07b41267d04da265d9894f8a5d8cc6243453c3397dedbe4d7",
    "https://esm.sh/openai@4.92.1/denonext/resources/beta/threads/messages.mjs": "09bd242c0142f6b3f62c774916415d8f018ae0bc75df16077b71cfd535871d58",
    "https://esm.sh/openai@4.92.1/denonext/resources/beta/threads/runs/runs.mjs": "89e602645451af4939a61b5ba29c5b6b5b412915dc58b1191ce097baabde0267",
    "https://esm.sh/openai@4.92.1/denonext/resources/beta/threads/runs/steps.mjs": "51c586d2d94324696ca44d7c1d1365fd8b3db40bc9cfd9707856abb865e71012",
    "https://esm.sh/openai@4.92.1/denonext/resources/beta/threads/threads.mjs": "de108185d96cb660c854ddd1dc31a3d03a66344f83a14c7d0d2a0ebccf8352ad",
    "https://esm.sh/openai@4.92.1/denonext/resources/chat/chat.mjs": "d07b0873c977534ebb9bc19c848d76e584fabd05aa2ee32f5f2bae830b1b012b",
    "https://esm.sh/openai@4.92.1/denonext/resources/chat/completions/completions.mjs": "dbcbbcb293faf00c55a2a317d86f6dfb4138ef6442c979619823d37ebdda73b8",
    "https://esm.sh/openai@4.92.1/denonext/resources/chat/completions/index.mjs": "73b3e1c6e5112497b5d5f7a08ba544b474145a0e15681004e925e96e3f1e8d30",
    "https://esm.sh/openai@4.92.1/denonext/resources/chat/completions/messages.mjs": "8595b4451fe8a300db96966cae97b8ab43d71ec4cd3d22c6985fb43b249f62a6",
    "https://esm.sh/openai@4.92.1/denonext/resources/chat/index.mjs": "e1adb400bf19949f2e37998d3459f5b5bf04a50b8714b44cb6976e21fc65cc7f",
    "https://esm.sh/openai@4.92.1/denonext/resources/completions.mjs": "d5895ac0393a864c6f29068e0eff682c5d488e09a7713e1c159949e3672db2c6",
    "https://esm.sh/openai@4.92.1/denonext/resources/embeddings.mjs": "c560ea709fb3542dc67cce08b5ecab4bac1581e41dddfab87814f4f8bc68df46",
    "https://esm.sh/openai@4.92.1/denonext/resources/files.mjs": "51ae387defa145b9e1ca00d321170e0e088e68e2d66024bc288db315d03d67a8",
    "https://esm.sh/openai@4.92.1/denonext/resources/fine-tuning/fine-tuning.mjs": "1207f09125e8c7391e23db3d41650ff7544aba8ff97eff8fe973975f9fcd9f31",
    "https://esm.sh/openai@4.92.1/denonext/resources/fine-tuning/jobs/checkpoints.mjs": "302253ec28637c093480791f39ca40e5f5a6c8ec7c6fcab25399386d5d2dc4d2",
    "https://esm.sh/openai@4.92.1/denonext/resources/fine-tuning/jobs/jobs.mjs": "4472cf5a20b1709f8956507e7281b5e26b9fc815aa2ae8abad7b6c2a0ae6d67c",
    "https://esm.sh/openai@4.92.1/denonext/resources/images.mjs": "e79cb8754033b3607fad4e4cc502d4044267f3f8a37584e25d63539fdb6be7a5",
    "https://esm.sh/openai@4.92.1/denonext/resources/index.mjs": "ca95273ac5f6e2b81f39ab4190b49dca12dddae66a09c209fbf006930f39ce49",
    "https://esm.sh/openai@4.92.1/denonext/resources/models.mjs": "b8986e24a0943b55c3792f07b3c65615155eda2d1650c38b45064075fdcf8fc8",
    "https://esm.sh/openai@4.92.1/denonext/resources/moderations.mjs": "873d9b2aa1e8d14e767c6eb7d9e5c55199d00836f5883a86d0355f97dbe95a7b",
    "https://esm.sh/openai@4.92.1/denonext/resources/responses/input-items.mjs": "57af767e2cfb8a0634753282179bf922df7e91d2fc121a50bc6802e83ac51be8",
    "https://esm.sh/openai@4.92.1/denonext/resources/responses/responses.mjs": "828436fe03d5cb82e1c95913f6dc9abf829ef1cc1aa0207668b05a9c25940e99",
    "https://esm.sh/openai@4.92.1/denonext/resources/shared.mjs": "84cf18278f82c240a1d4ece9a88d0d77ec541e45f615c8811d6679f58fd78dc2",
    "https://esm.sh/openai@4.92.1/denonext/resources/uploads/parts.mjs": "5758acc691d0d4bc81e649934cd2905c22a72f836e93cb370fb4fb18b9885fdb",
    "https://esm.sh/openai@4.92.1/denonext/resources/uploads/uploads.mjs": "bce24465c583f16a2630a56566b11bf76108a97e9e6d66ae7761dd63b1cb8b7f",
    "https://esm.sh/openai@4.92.1/denonext/resources/vector-stores/file-batches.mjs": "ce700ae46ac0b0436a18e87583b9c1de39da32da907b8e1d6cb1ba9caa061bf3",
    "https://esm.sh/openai@4.92.1/denonext/resources/vector-stores/files.mjs": "cec7b3dab651357c521af50e41a59dac9bf0c8291cdde06b3f2fed21f134e6d1",
    "https://esm.sh/openai@4.92.1/denonext/resources/vector-stores/vector-stores.mjs": "fb1d089a0d5ce9775483c990ea52f8950cd03b033b32f3aa3bfa9b86dbb3b3ff",
    "https://esm.sh/openai@4.92.1/denonext/streaming.mjs": "75d535e7cf2b4f0c5475ea88341a832b005f5a63fbfc585aaebd8982efcacec7",
    "https://esm.sh/openai@4.92.1/denonext/uploads.mjs": "795c7c005492ecb2ea9e525e05d8b02986ac8c914184bbd2f017ce95133bae21",
    "https://esm.sh/openai@4.92.1/denonext/version.mjs": "15e4587b21a7d446019626757bd2921210d9b006a123d1d6f3b258fdef603ed2"
  },
  "workspace": {
    "packageJson": {
      "dependencies": [
        "npm:@google/genai@0.7",
        "npm:hono@^4.7.5",
        "npm:openai@^4.92.1",
        "npm:prettier@^3.5.3"
      ]
    }
  }
}
